
Microsoft Visual Studio Solution File, Format Version 12.00
# Visual Studio Version 17
VisualStudioVersion = 17.9.34607.119
MinimumVisualStudioVersion = 10.0.40219.1
Project("{9A19103F-16F7-4668-BE54-9A1E7A4F7556}") = "RMQ.Producer", "RabbitMQ\HelloWorld\RMQ.Producer\RMQ.Producer.csproj", "{EBD00389-2B4A-4884-A328-F18558C59045}"
EndProject
Project("{9A19103F-16F7-4668-BE54-9A1E7A4F7556}") = "RMQ.Consumer", "RabbitMQ\HelloWorld\RMQ.Consumer\RMQ.Consumer.csproj", "{6DA4F5B8-AC37-4CB1-9EFD-C762DC28AF81}"
EndProject
Project("{2150E333-8FDC-42A3-9474-1A3956D46DE8}") = "RabbitMQ", "RabbitMQ", "{93B29655-1991-48FB-AF6C-805583AB1B97}"
EndProject
Project("{2150E333-8FDC-42A3-9474-1A3956D46DE8}") = "HelloWorld", "HelloWorld", "{017F8C05-6B2D-44DC-9384-64CBDE188CB5}"
EndProject
Project("{2150E333-8FDC-42A3-9474-1A3956D46DE8}") = "gRPC", "gRPC", "{A80EAA37-0FC4-4F12-A457-510C8AD75767}"
	ProjectSection(SolutionItems) = preProject
		gRPC\.gitkeep = gRPC\.gitkeep
	EndProjectSection
EndProject
Project("{2150E333-8FDC-42A3-9474-1A3956D46DE8}") = "SourceGenerators", "SourceGenerators", "{B71AE421-2E14-4302-B598-A139237D7B56}"
	ProjectSection(SolutionItems) = preProject
		SourceGenerators\.gitkeep = SourceGenerators\.gitkeep
	EndProjectSection
EndProject
Global
	GlobalSection(SolutionConfigurationPlatforms) = preSolution
		Debug|Any CPU = Debug|Any CPU
		Debug|x64 = Debug|x64
		Release|Any CPU = Release|Any CPU
		Release|x64 = Release|x64
	EndGlobalSection
	GlobalSection(ProjectConfigurationPlatforms) = postSolution
		{EBD00389-2B4A-4884-A328-F18558C59045}.Debug|Any CPU.ActiveCfg = Debug|Any CPU
		{EBD00389-2B4A-4884-A328-F18558C59045}.Debug|Any CPU.Build.0 = Debug|Any CPU
		{EBD00389-2B4A-4884-A328-F18558C59045}.Debug|x64.ActiveCfg = Debug|x64
		{EBD00389-2B4A-4884-A328-F18558C59045}.Debug|x64.Build.0 = Debug|x64
		{EBD00389-2B4A-4884-A328-F18558C59045}.Release|Any CPU.ActiveCfg = Release|Any CPU
		{EBD00389-2B4A-4884-A328-F18558C59045}.Release|Any CPU.Build.0 = Release|Any CPU
		{EBD00389-2B4A-4884-A328-F18558C59045}.Release|x64.ActiveCfg = Release|x64
		{EBD00389-2B4A-4884-A328-F18558C59045}.Release|x64.Build.0 = Release|x64
		{6DA4F5B8-AC37-4CB1-9EFD-C762DC28AF81}.Debug|Any CPU.ActiveCfg = Debug|Any CPU
		{6DA4F5B8-AC37-4CB1-9EFD-C762DC28AF81}.Debug|Any CPU.Build.0 = Debug|Any CPU
		{6DA4F5B8-AC37-4CB1-9EFD-C762DC28AF81}.Debug|x64.ActiveCfg = Debug|x64
		{6DA4F5B8-AC37-4CB1-9EFD-C762DC28AF81}.Debug|x64.Build.0 = Debug|x64
		{6DA4F5B8-AC37-4CB1-9EFD-C762DC28AF81}.Release|Any CPU.ActiveCfg = Release|Any CPU
		{6DA4F5B8-AC37-4CB1-9EFD-C762DC28AF81}.Release|Any CPU.Build.0 = Release|Any CPU
		{6DA4F5B8-AC37-4CB1-9EFD-C762DC28AF81}.Release|x64.ActiveCfg = Release|x64
		{6DA4F5B8-AC37-4CB1-9EFD-C762DC28AF81}.Release|x64.Build.0 = Release|x64
	EndGlobalSection
	GlobalSection(SolutionProperties) = preSolution
		HideSolutionNode = FALSE
	EndGlobalSection
	GlobalSection(NestedProjects) = preSolution
		{EBD00389-2B4A-4884-A328-F18558C59045} = {017F8C05-6B2D-44DC-9384-64CBDE188CB5}
		{6DA4F5B8-AC37-4CB1-9EFD-C762DC28AF81} = {017F8C05-6B2D-44DC-9384-64CBDE188CB5}
		{017F8C05-6B2D-44DC-9384-64CBDE188CB5} = {93B29655-1991-48FB-AF6C-805583AB1B97}
	EndGlobalSection
	GlobalSection(ExtensibilityGlobals) = postSolution
		SolutionGuid = {F8FAC9C2-B767-46A0-AF9E-FB6E46B047E1}
	EndGlobalSection
EndGlobal
